// !$*UTF8*$!
{
	archiveVersion = 1;
	classes = {
	};
	objectVersion = 48;
	objects = {

/* Begin PBXBuildFile section */
		1967F9FE2104C1DF005FF1CB /* AppDelegate.swift in Sources */ = {isa = PBXBuildFile; fileRef = 1967F9FD2104C1DF005FF1CB /* AppDelegate.swift */; };
		1967FA002104C1DF005FF1CB /* ViewController.swift in Sources */ = {isa = PBXBuildFile; fileRef = 1967F9FF2104C1DF005FF1CB /* ViewController.swift */; };
		1967FA032104C1DF005FF1CB /* Main.storyboard in Resources */ = {isa = PBXBuildFile; fileRef = 1967FA012104C1DF005FF1CB /* Main.storyboard */; };
		1967FA052104C1DF005FF1CB /* Assets.xcassets in Resources */ = {isa = PBXBuildFile; fileRef = 1967FA042104C1DF005FF1CB /* Assets.xcassets */; };
		1967FA082104C1DF005FF1CB /* LaunchScreen.storyboard in Resources */ = {isa = PBXBuildFile; fileRef = 1967FA062104C1DF005FF1CB /* LaunchScreen.storyboard */; };
		1967FA132104C1DF005FF1CB /* TimeTrackerTests.swift in Sources */ = {isa = PBXBuildFile; fileRef = 1967FA122104C1DF005FF1CB /* TimeTrackerTests.swift */; };
		1967FA1E2104C1DF005FF1CB /* TimeTrackerUITests.swift in Sources */ = {isa = PBXBuildFile; fileRef = 1967FA1D2104C1DF005FF1CB /* TimeTrackerUITests.swift */; };
/* End PBXBuildFile section */

/* Begin PBXContainerItemProxy section */
		1967FA0F2104C1DF005FF1CB /* PBXContainerItemProxy */ = {
			isa = PBXContainerItemProxy;
			containerPortal = 1967F9F22104C1DF005FF1CB /* Project object */;
			proxyType = 1;
			remoteGlobalIDString = 1967F9F92104C1DF005FF1CB;
			remoteInfo = TimeTracker;
		};
		1967FA1A2104C1DF005FF1CB /* PBXContainerItemProxy */ = {
			isa = PBXContainerItemProxy;
			containerPortal = 1967F9F22104C1DF005FF1CB /* Project object */;
			proxyType = 1;
			remoteGlobalIDString = 1967F9F92104C1DF005FF1CB;
			remoteInfo = TimeTracker;
		};
/* End PBXContainerItemProxy section */

/* Begin PBXFileReference section */
		1967F9FA2104C1DF005FF1CB /* TimeTracker.app */ = {isa = PBXFileReference; explicitFileType = wrapper.application; includeInIndex = 0; path = TimeTracker.app; sourceTree = BUILT_PRODUCTS_DIR; };
		1967F9FD2104C1DF005FF1CB /* AppDelegate.swift */ = {isa = PBXFileReference; lastKnownFileType = sourcecode.swift; path = AppDelegate.swift; sourceTree = "<group>"; };
		1967F9FF2104C1DF005FF1CB /* ViewController.swift */ = {isa = PBXFileReference; lastKnownFileType = sourcecode.swift; path = ViewController.swift; sourceTree = "<group>"; };
		1967FA022104C1DF005FF1CB /* Base */ = {isa = PBXFileReference; lastKnownFileType = file.storyboard; name = Base; path = Base.lproj/Main.storyboard; sourceTree = "<group>"; };
		1967FA042104C1DF005FF1CB /* Assets.xcassets */ = {isa = PBXFileReference; lastKnownFileType = folder.assetcatalog; path = Assets.xcassets; sourceTree = "<group>"; };
		1967FA072104C1DF005FF1CB /* Base */ = {isa = PBXFileReference; lastKnownFileType = file.storyboard; name = Base; path = Base.lproj/LaunchScreen.storyboard; sourceTree = "<group>"; };
		1967FA092104C1DF005FF1CB /* Info.plist */ = {isa = PBXFileReference; lastKnownFileType = text.plist.xml; path = Info.plist; sourceTree = "<group>"; };
		1967FA0E2104C1DF005FF1CB /* TimeTrackerTests.xctest */ = {isa = PBXFileReference; explicitFileType = wrapper.cfbundle; includeInIndex = 0; path = TimeTrackerTests.xctest; sourceTree = BUILT_PRODUCTS_DIR; };
		1967FA122104C1DF005FF1CB /* TimeTrackerTests.swift */ = {isa = PBXFileReference; lastKnownFileType = sourcecode.swift; path = TimeTrackerTests.swift; sourceTree = "<group>"; };
		1967FA142104C1DF005FF1CB /* Info.plist */ = {isa = PBXFileReference; lastKnownFileType = text.plist.xml; path = Info.plist; sourceTree = "<group>"; };
		1967FA192104C1DF005FF1CB /* TimeTrackerUITests.xctest */ = {isa = PBXFileReference; explicitFileType = wrapper.cfbundle; includeInIndex = 0; path = TimeTrackerUITests.xctest; sourceTree = BUILT_PRODUCTS_DIR; };
		1967FA1D2104C1DF005FF1CB /* TimeTrackerUITests.swift */ = {isa = PBXFileReference; lastKnownFileType = sourcecode.swift; path = TimeTrackerUITests.swift; sourceTree = "<group>"; };
		1967FA1F2104C1DF005FF1CB /* Info.plist */ = {isa = PBXFileReference; lastKnownFileType = text.plist.xml; path = Info.plist; sourceTree = "<group>"; };
/* End PBXFileReference section */

/* Begin PBXFrameworksBuildPhase section */
		1967F9F72104C1DF005FF1CB /* Frameworks */ = {
			isa = PBXFrameworksBuildPhase;
			buildActionMask = 2147483647;
			files = (
			);
			runOnlyForDeploymentPostprocessing = 0;
		};
		1967FA0B2104C1DF005FF1CB /* Frameworks */ = {
			isa = PBXFrameworksBuildPhase;
			buildActionMask = 2147483647;
			files = (
			);
			runOnlyForDeploymentPostprocessing = 0;
		};
		1967FA162104C1DF005FF1CB /* Frameworks */ = {
			isa = PBXFrameworksBuildPhase;
			buildActionMask = 2147483647;
			files = (
			);
			runOnlyForDeploymentPostprocessing = 0;
		};
/* End PBXFrameworksBuildPhase section */

/* Begin PBXGroup section */
		1967F9F12104C1DF005FF1CB = {
			isa = PBXGroup;
			children = (
				1967F9FC2104C1DF005FF1CB /* TimeTracker */,
				1967FA112104C1DF005FF1CB /* TimeTrackerTests */,
				1967FA1C2104C1DF005FF1CB /* TimeTrackerUITests */,
				1967F9FB2104C1DF005FF1CB /* Products */,
			);
			sourceTree = "<group>";
		};
		1967F9FB2104C1DF005FF1CB /* Products */ = {
			isa = PBXGroup;
			children = (
				1967F9FA2104C1DF005FF1CB /* TimeTracker.app */,
				1967FA0E2104C1DF005FF1CB /* TimeTrackerTests.xctest */,
				1967FA192104C1DF005FF1CB /* TimeTrackerUITests.xctest */,
			);
			name = Products;
			sourceTree = "<group>";
		};
		1967F9FC2104C1DF005FF1CB /* TimeTracker */ = {
			isa = PBXGroup;
			children = (
				1967F9FD2104C1DF005FF1CB /* AppDelegate.swift */,
				1967F9FF2104C1DF005FF1CB /* ViewController.swift */,
				1967FA012104C1DF005FF1CB /* Main.storyboard */,
				1967FA042104C1DF005FF1CB /* Assets.xcassets */,
				1967FA062104C1DF005FF1CB /* LaunchScreen.storyboard */,
				1967FA092104C1DF005FF1CB /* Info.plist */,
			);
			path = TimeTracker;
			sourceTree = "<group>";
		};
		1967FA112104C1DF005FF1CB /* TimeTrackerTests */ = {
			isa = PBXGroup;
			children = (
				1967FA122104C1DF005FF1CB /* TimeTrackerTests.swift */,
				1967FA142104C1DF005FF1CB /* Info.plist */,
			);
			path = TimeTrackerTests;
			sourceTree = "<group>";
		};
		1967FA1C2104C1DF005FF1CB /* TimeTrackerUITests */ = {
			isa = PBXGroup;
			children = (
				1967FA1D2104C1DF005FF1CB /* TimeTrackerUITests.swift */,
				1967FA1F2104C1DF005FF1CB /* Info.plist */,
			);
			path = TimeTrackerUITests;
			sourceTree = "<group>";
		};
/* End PBXGroup section */

/* Begin PBXNativeTarget section */
		1967F9F92104C1DF005FF1CB /* TimeTracker */ = {
			isa = PBXNativeTarget;
			buildConfigurationList = 1967FA222104C1DF005FF1CB /* Build configuration list for PBXNativeTarget "TimeTracker" */;
			buildPhases = (
				1967F9F62104C1DF005FF1CB /* Sources */,
				1967F9F72104C1DF005FF1CB /* Frameworks */,
				1967F9F82104C1DF005FF1CB /* Resources */,
			);
			buildRules = (
			);
			dependencies = (
			);
			name = TimeTracker;
			productName = TimeTracker;
			productReference = 1967F9FA2104C1DF005FF1CB /* TimeTracker.app */;
			productType = "com.apple.product-type.application";
		};
		1967FA0D2104C1DF005FF1CB /* TimeTrackerTests */ = {
			isa = PBXNativeTarget;
			buildConfigurationList = 1967FA252104C1DF005FF1CB /* Build configuration list for PBXNativeTarget "TimeTrackerTests" */;
			buildPhases = (
				1967FA0A2104C1DF005FF1CB /* Sources */,
				1967FA0B2104C1DF005FF1CB /* Frameworks */,
				1967FA0C2104C1DF005FF1CB /* Resources */,
			);
			buildRules = (
			);
			dependencies = (
				1967FA102104C1DF005FF1CB /* PBXTargetDependency */,
			);
			name = TimeTrackerTests;
			productName = TimeTrackerTests;
			productReference = 1967FA0E2104C1DF005FF1CB /* TimeTrackerTests.xctest */;
			productType = "com.apple.product-type.bundle.unit-test";
		};
		1967FA182104C1DF005FF1CB /* TimeTrackerUITests */ = {
			isa = PBXNativeTarget;
			buildConfigurationList = 1967FA282104C1DF005FF1CB /* Build configuration list for PBXNativeTarget "TimeTrackerUITests" */;
			buildPhases = (
				1967FA152104C1DF005FF1CB /* Sources */,
				1967FA162104C1DF005FF1CB /* Frameworks */,
				1967FA172104C1DF005FF1CB /* Resources */,
			);
			buildRules = (
			);
			dependencies = (
				1967FA1B2104C1DF005FF1CB /* PBXTargetDependency */,
			);
			name = TimeTrackerUITests;
			productName = TimeTrackerUITests;
			productReference = 1967FA192104C1DF005FF1CB /* TimeTrackerUITests.xctest */;
			productType = "com.apple.product-type.bundle.ui-testing";
		};
/* End PBXNativeTarget section */

/* Begin PBXProject section */
		1967F9F22104C1DF005FF1CB /* Project object */ = {
			isa = PBXProject;
			attributes = {
				LastSwiftUpdateCheck = 0920;
				LastUpgradeCheck = 0920;
				ORGANIZATIONNAME = "Aleix Baggerman";
				TargetAttributes = {
					1967F9F92104C1DF005FF1CB = {
						CreatedOnToolsVersion = 9.2;
						ProvisioningStyle = Automatic;
					};
					1967FA0D2104C1DF005FF1CB = {
						CreatedOnToolsVersion = 9.2;
						ProvisioningStyle = Automatic;
						TestTargetID = 1967F9F92104C1DF005FF1CB;
					};
					1967FA182104C1DF005FF1CB = {
						CreatedOnToolsVersion = 9.2;
						ProvisioningStyle = Automatic;
						TestTargetID = 1967F9F92104C1DF005FF1CB;
					};
				};
			};
			buildConfigurationList = 1967F9F52104C1DF005FF1CB /* Build configuration list for PBXProject "TimeTracker" */;
			compatibilityVersion = "Xcode 8.0";
			developmentRegion = en;
			hasScannedForEncodings = 0;
			knownRegions = (
				en,
				Base,
			);
			mainGroup = 1967F9F12104C1DF005FF1CB;
			productRefGroup = 1967F9FB2104C1DF005FF1CB /* Products */;
			projectDirPath = "";
			projectRoot = "";
			targets = (
				1967F9F92104C1DF005FF1CB /* TimeTracker */,
				1967FA0D2104C1DF005FF1CB /* TimeTrackerTests */,
				1967FA182104C1DF005FF1CB /* TimeTrackerUITests */,
			);
		};
/* End PBXProject section */

/* Begin PBXResourcesBuildPhase section */
		1967F9F82104C1DF005FF1CB /* Resources */ = {
			isa = PBXResourcesBuildPhase;
			buildActionMask = 2147483647;
			files = (
				1967FA082104C1DF005FF1CB /* LaunchScreen.storyboard in Resources */,
				1967FA052104C1DF005FF1CB /* Assets.xcassets in Resources */,
				1967FA032104C1DF005FF1CB /* Main.storyboard in Resources */,
			);
			runOnlyForDeploymentPostprocessing = 0;
		};
		1967FA0C2104C1DF005FF1CB /* Resources */ = {
			isa = PBXResourcesBuildPhase;
			buildActionMask = 2147483647;
			files = (
			);
			runOnlyForDeploymentPostprocessing = 0;
		};
		1967FA172104C1DF005FF1CB /* Resources */ = {
			isa = PBXResourcesBuildPhase;
			buildActionMask = 2147483647;
			files = (
			);
			runOnlyForDeploymentPostprocessing = 0;
		};
/* End PBXResourcesBuildPhase section */

/* Begin PBXSourcesBuildPhase section */
		1967F9F62104C1DF005FF1CB /* Sources */ = {
			isa = PBXSourcesBuildPhase;
			buildActionMask = 2147483647;
			files = (
				1967FA002104C1DF005FF1CB /* ViewController.swift in Sources */,
				1967F9FE2104C1DF005FF1CB /* AppDelegate.swift in Sources */,
			);
			runOnlyForDeploymentPostprocessing = 0;
		};
		1967FA0A2104C1DF005FF1CB /* Sources */ = {
			isa = PBXSourcesBuildPhase;
			buildActionMask = 2147483647;
			files = (
				1967FA132104C1DF005FF1CB /* TimeTrackerTests.swift in Sources */,
			);
			runOnlyForDeploymentPostprocessing = 0;
		};
		1967FA152104C1DF005FF1CB /* Sources */ = {
			isa = PBXSourcesBuildPhase;
			buildActionMask = 2147483647;
			files = (
				1967FA1E2104C1DF005FF1CB /* TimeTrackerUITests.swift in Sources */,
			);
			runOnlyForDeploymentPostprocessing = 0;
		};
/* End PBXSourcesBuildPhase section */

/* Begin PBXTargetDependency section */
		1967FA102104C1DF005FF1CB /* PBXTargetDependency */ = {
			isa = PBXTargetDependency;
			target = 1967F9F92104C1DF005FF1CB /* TimeTracker */;
			targetProxy = 1967FA0F2104C1DF005FF1CB /* PBXContainerItemProxy */;
		};
		1967FA1B2104C1DF005FF1CB /* PBXTargetDependency */ = {
			isa = PBXTargetDependency;
			target = 1967F9F92104C1DF005FF1CB /* TimeTracker */;
			targetProxy = 1967FA1A2104C1DF005FF1CB /* PBXContainerItemProxy */;
		};
/* End PBXTargetDependency section */

/* Begin PBXVariantGroup section */
		1967FA012104C1DF005FF1CB /* Main.storyboard */ = {
			isa = PBXVariantGroup;
			children = (
				1967FA022104C1DF005FF1CB /* Base */,
			);
			name = Main.storyboard;
			sourceTree = "<group>";
		};
		1967FA062104C1DF005FF1CB /* LaunchScreen.storyboard */ = {
			isa = PBXVariantGroup;
			children = (
				1967FA072104C1DF005FF1CB /* Base */,
			);
			name = LaunchScreen.storyboard;
			sourceTree = "<group>";
		};
/* End PBXVariantGroup section */

/* Begin XCBuildConfiguration section */
		1967FA202104C1DF005FF1CB /* Debug */ = {
			isa = XCBuildConfiguration;
			buildSettings = {
				ALWAYS_SEARCH_USER_PATHS = NO;
				CLANG_ANALYZER_NONNULL = YES;
				CLANG_ANALYZER_NUMBER_OBJECT_CONVERSION = YES_AGGRESSIVE;
				CLANG_CXX_LANGUAGE_STANDARD = "gnu++14";
				CLANG_CXX_LIBRARY = "libc++";
				CLANG_ENABLE_MODULES = YES;
				CLANG_ENABLE_OBJC_ARC = YES;
				CLANG_WARN_BLOCK_CAPTURE_AUTORELEASING = YES;
				CLANG_WARN_BOOL_CONVERSION = YES;
				CLANG_WARN_COMMA = YES;
				CLANG_WARN_CONSTANT_CONVERSION = YES;
				CLANG_WARN_DIRECT_OBJC_ISA_USAGE = YES_ERROR;
				CLANG_WARN_DOCUMENTATION_COMMENTS = YES;
				CLANG_WARN_EMPTY_BODY = YES;
				CLANG_WARN_ENUM_CONVERSION = YES;
				CLANG_WARN_INFINITE_RECURSION = YES;
				CLANG_WARN_INT_CONVERSION = YES;
				CLANG_WARN_NON_LITERAL_NULL_CONVERSION = YES;
				CLANG_WARN_OBJC_LITERAL_CONVERSION = YES;
				CLANG_WARN_OBJC_ROOT_CLASS = YES_ERROR;
				CLANG_WARN_RANGE_LOOP_ANALYSIS = YES;
				CLANG_WARN_STRICT_PROTOTYPES = YES;
				CLANG_WARN_SUSPICIOUS_MOVE = YES;
				CLANG_WARN_UNGUARDED_AVAILABILITY = YES_AGGRESSIVE;
				CLANG_WARN_UNREACHABLE_CODE = YES;
				CLANG_WARN__DUPLICATE_METHOD_MATCH = YES;
				CODE_SIGN_IDENTITY = "iPhone Developer";
				COPY_PHASE_STRIP = NO;
				DEBUG_INFORMATION_FORMAT = dwarf;
				ENABLE_STRICT_OBJC_MSGSEND = YES;
				ENABLE_TESTABILITY = YES;
				GCC_C_LANGUAGE_STANDARD = gnu11;
				GCC_DYNAMIC_NO_PIC = NO;
				GCC_NO_COMMON_BLOCKS = YES;
				GCC_OPTIMIZATION_LEVEL = 0;
				GCC_PREPROCESSOR_DEFINITIONS = (
					"DEBUG=1",
					"$(inherited)",
				);
				GCC_WARN_64_TO_32_BIT_CONVERSION = YES;
				GCC_WARN_ABOUT_RETURN_TYPE = YES_ERROR;
				GCC_WARN_UNDECLARED_SELECTOR = YES;
				GCC_WARN_UNINITIALIZED_AUTOS = YES_AGGRESSIVE;
				GCC_WARN_UNUSED_FUNCTION = YES;
				GCC_WARN_UNUSED_VARIABLE = YES;
				IPHONEOS_DEPLOYMENT_TARGET = 11.2;
				MTL_ENABLE_DEBUG_INFO = YES;
				ONLY_ACTIVE_ARCH = YES;
				SDKROOT = iphoneos;
				SWIFT_ACTIVE_COMPILATION_CONDITIONS = DEBUG;
				SWIFT_OPTIMIZATION_LEVEL = "-Onone";
			};
			name = Debug;
		};
		1967FA212104C1DF005FF1CB /* Release */ = {
			isa = XCBuildConfiguration;
			buildSettings = {
				ALWAYS_SEARCH_USER_PATHS = NO;
				CLANG_ANALYZER_NONNULL = YES;
				CLANG_ANALYZER_NUMBER_OBJECT_CONVERSION = YES_AGGRESSIVE;
				CLANG_CXX_LANGUAGE_STANDARD = "gnu++14";
				CLANG_CXX_LIBRARY = "libc++";
				CLANG_ENABLE_MODULES = YES;
				CLANG_ENABLE_OBJC_ARC = YES;
				CLANG_WARN_BLOCK_CAPTURE_AUTORELEASING = YES;
				CLANG_WARN_BOOL_CONVERSION = YES;
				CLANG_WARN_COMMA = YES;
				CLANG_WARN_CONSTANT_CONVERSION = YES;
				CLANG_WARN_DIRECT_OBJC_ISA_USAGE = YES_ERROR;
				CLANG_WARN_DOCUMENTATION_COMMENTS = YES;
				CLANG_WARN_EMPTY_BODY = YES;
				CLANG_WARN_ENUM_CONVERSION = YES;
				CLANG_WARN_INFINITE_RECURSION = YES;
				CLANG_WARN_INT_CONVERSION = YES;
				CLANG_WARN_NON_LITERAL_NULL_CONVERSION = YES;
				CLANG_WARN_OBJC_LITERAL_CONVERSION = YES;
				CLANG_WARN_OBJC_ROOT_CLASS = YES_ERROR;
				CLANG_WARN_RANGE_LOOP_ANALYSIS = YES;
				CLANG_WARN_STRICT_PROTOTYPES = YES;
				CLANG_WARN_SUSPICIOUS_MOVE = YES;
				CLANG_WARN_UNGUARDED_AVAILABILITY = YES_AGGRESSIVE;
				CLANG_WARN_UNREACHABLE_CODE = YES;
				CLANG_WARN__DUPLICATE_METHOD_MATCH = YES;
				CODE_SIGN_IDENTITY = "iPhone Developer";
				COPY_PHASE_STRIP = NO;
				DEBUG_INFORMATION_FORMAT = "dwarf-with-dsym";
				ENABLE_NS_ASSERTIONS = NO;
				ENABLE_STRICT_OBJC_MSGSEND = YES;
				GCC_C_LANGUAGE_STANDARD = gnu11;
				GCC_NO_COMMON_BLOCKS = YES;
				GCC_WARN_64_TO_32_BIT_CONVERSION = YES;
				GCC_WARN_ABOUT_RETURN_TYPE = YES_ERROR;
				GCC_WARN_UNDECLARED_SELECTOR = YES;
				GCC_WARN_UNINITIALIZED_AUTOS = YES_AGGRESSIVE;
				GCC_WARN_UNUSED_FUNCTION = YES;
				GCC_WARN_UNUSED_VARIABLE = YES;
				IPHONEOS_DEPLOYMENT_TARGET = 11.2;
				MTL_ENABLE_DEBUG_INFO = NO;
				SDKROOT = iphoneos;
				SWIFT_OPTIMIZATION_LEVEL = "-Owholemodule";
				VALIDATE_PRODUCT = YES;
			};
			name = Release;
		};
		1967FA232104C1DF005FF1CB /* Debug */ = {
			isa = XCBuildConfiguration;
			buildSettings = {
				ASSETCATALOG_COMPILER_APPICON_NAME = AppIcon;
				CODE_SIGN_STYLE = Automatic;
				DEVELOPMENT_TEAM = BNJFZH68S8;
				INFOPLIST_FILE = TimeTracker/Info.plist;
				LD_RUNPATH_SEARCH_PATHS = "$(inherited) @executable_path/Frameworks";
				PRODUCT_BUNDLE_IDENTIFIER = AleixDiaz.TimeTracker;
				PRODUCT_NAME = "$(TARGET_NAME)";
				SWIFT_VERSION = 4.0;
				TARGETED_DEVICE_FAMILY = "1,2";
			};
			name = Debug;
		};
		1967FA242104C1DF005FF1CB /* Release */ = {
			isa = XCBuildConfiguration;
			buildSettings = {
				ASSETCATALOG_COMPILER_APPICON_NAME = AppIcon;
				CODE_SIGN_STYLE = Automatic;
				DEVELOPMENT_TEAM = BNJFZH68S8;
				INFOPLIST_FILE = TimeTracker/Info.plist;
				LD_RUNPATH_SEARCH_PATHS = "$(inherited) @executable_path/Frameworks";
				PRODUCT_BUNDLE_IDENTIFIER = AleixDiaz.TimeTracker;
				PRODUCT_NAME = "$(TARGET_NAME)";
				SWIFT_VERSION = 4.0;
				TARGETED_DEVICE_FAMILY = "1,2";
			};
			name = Release;
		};
		1967FA262104C1DF005FF1CB /* Debug */ = {
			isa = XCBuildConfiguration;
			buildSettings = {
				ALWAYS_EMBED_SWIFT_STANDARD_LIBRARIES = YES;
				BUNDLE_LOADER = "$(TEST_HOST)";
				CODE_SIGN_STYLE = Automatic;
				DEVELOPMENT_TEAM = BNJFZH68S8;
				INFOPLIST_FILE = TimeTrackerTests/Info.plist;
				LD_RUNPATH_SEARCH_PATHS = "$(inherited) @executable_path/Frameworks @loader_path/Frameworks";
				PRODUCT_BUNDLE_IDENTIFIER = AleixDiaz.TimeTrackerTests;
				PRODUCT_NAME = "$(TARGET_NAME)";
				SWIFT_VERSION = 4.0;
				TARGETED_DEVICE_FAMILY = "1,2";
				TEST_HOST = "$(BUILT_PRODUCTS_DIR)/TimeTracker.app/TimeTracker";
			};
			name = Debug;
		};
		1967FA272104C1DF005FF1CB /* Release */ = {
			isa = XCBuildConfiguration;
			buildSettings = {
				ALWAYS_EMBED_SWIFT_STANDARD_LIBRARIES = YES;
				BUNDLE_LOADER = "$(TEST_HOST)";
				CODE_SIGN_STYLE = Automatic;
				DEVELOPMENT_TEAM = BNJFZH68S8;
				INFOPLIST_FILE = TimeTrackerTests/Info.plist;
				LD_RUNPATH_SEARCH_PATHS = "$(inherited) @executable_path/Frameworks @loader_path/Frameworks";
				PRODUCT_BUNDLE_IDENTIFIER = AleixDiaz.TimeTrackerTests;
				PRODUCT_NAME = "$(TARGET_NAME)";
				SWIFT_VERSION = 4.0;
				TARGETED_DEVICE_FAMILY = "1,2";
				TEST_HOST = "$(BUILT_PRODUCTS_DIR)/TimeTracker.app/TimeTracker";
			};
			name = Release;
		};
		1967FA292104C1DF005FF1CB /* Debug */ = {
			isa = XCBuildConfiguration;
			buildSettings = {
				ALWAYS_EMBED_SWIFT_STANDARD_LIBRARIES = YES;
				CODE_SIGN_STYLE = Automatic;
				DEVELOPMENT_TEAM = BNJFZH68S8;
				INFOPLIST_FILE = TimeTrackerUITests/Info.plist;
				LD_RUNPATH_SEARCH_PATHS = "$(inherited) @executable_path/Frameworks @loader_path/Frameworks";
				PRODUCT_BUNDLE_IDENTIFIER = AleixDiaz.TimeTrackerUITests;
				PRODUCT_NAME = "$(TARGET_NAME)";
				SWIFT_VERSION = 4.0;
				TARGETED_DEVICE_FAMILY = "1,2";
				TEST_TARGET_NAME = TimeTracker;
			};
			name = Debug;
		};
		1967FA2A2104C1DF005FF1CB /* Release */ = {
			isa = XCBuildConfiguration;
			buildSettings = {
				ALWAYS_EMBED_SWIFT_STANDARD_LIBRARIES = YES;
				CODE_SIGN_STYLE = Automatic;
				DEVELOPMENT_TEAM = BNJFZH68S8;
				INFOPLIST_FILE = TimeTrackerUITests/Info.plist;
				LD_RUNPATH_SEARCH_PATHS = "$(inherited) @executable_path/Frameworks @loader_path/Frameworks";
				PRODUCT_BUNDLE_IDENTIFIER = AleixDiaz.TimeTrackerUITests;
				PRODUCT_NAME = "$(TARGET_NAME)";
				SWIFT_VERSION = 4.0;
				TARGETED_DEVICE_FAMILY = "1,2";
				TEST_TARGET_NAME = TimeTracker;
			};
			name = Release;
		};
/* End XCBuildConfiguration section */

/* Begin XCConfigurationList section */
		1967F9F52104C1DF005FF1CB /* Build configuration list for PBXProject "TimeTracker" */ = {
			isa = XCConfigurationList;
			buildConfigurations = (
				1967FA202104C1DF005FF1CB /* Debug */,
				1967FA212104C1DF005FF1CB /* Release */,
			);
			defaultConfigurationIsVisible = 0;
			defaultConfigurationName = Release;
		};
		1967FA222104C1DF005FF1CB /* Build configuration list for PBXNativeTarget "TimeTracker" */ = {
			isa = XCConfigurationList;
			buildConfigurations = (
				1967FA232104C1DF005FF1CB /* Debug */,
				1967FA242104C1DF005FF1CB /* Release */,
			);
			defaultConfigurationIsVisible = 0;
			defaultConfigurationName = Release;
		};
		1967FA252104C1DF005FF1CB /* Build configuration list for PBXNativeTarget "TimeTrackerTests" */ = {
			isa = XCConfigurationList;
			buildConfigurations = (
				1967FA262104C1DF005FF1CB /* Debug */,
				1967FA272104C1DF005FF1CB /* Release */,
			);
			defaultConfigurationIsVisible = 0;
			defaultConfigurationName = Release;
		};
		1967FA282104C1DF005FF1CB /* Build configuration list for PBXNativeTarget "TimeTrackerUITests" */ = {
			isa = XCConfigurationList;
			buildConfigurations = (
				1967FA292104C1DF005FF1CB /* Debug */,
				1967FA2A2104C1DF005FF1CB /* Release */,
			);
			defaultConfigurationIsVisible = 0;
			defaultConfigurationName = Release;
		};
/* End XCConfigurationList section */
	};
	rootObject = 1967F9F22104C1DF005FF1CB /* Project object */;
}
